
Microsoft Visual Studio Solution File, Format Version 12.00
# Visual Studio 15
VisualStudioVersion = 15.0.28307.572
MinimumVisualStudioVersion = 10.0.40219.1
Project("{FAE04EC0-301F-11D3-BF4B-00C04F79EFBC}") = "VirtualPetsAmok", "VirtualPetsAmok\VirtualPetsAmok.csproj", "{5666A412-BF8D-491C-888B-A05835731EA9}"
EndProject
Project("{FAE04EC0-301F-11D3-BF4B-00C04F79EFBC}") = "VirtualPetsAmok.Tests", "VirtualPetsAmok.Tests\VirtualPetsAmok.Tests.csproj", "{045C2251-397A-457C-A823-281D86858983}"
EndProject
Global
	GlobalSection(SolutionConfigurationPlatforms) = preSolution
		Debug|Any CPU = Debug|Any CPU
		Release|Any CPU = Release|Any CPU
	EndGlobalSection
	GlobalSection(ProjectConfigurationPlatforms) = postSolution
		{5666A412-BF8D-491C-888B-A05835731EA9}.Debug|Any CPU.ActiveCfg = Debug|Any CPU
		{5666A412-BF8D-491C-888B-A05835731EA9}.Debug|Any CPU.Build.0 = Debug|Any CPU
		{5666A412-BF8D-491C-888B-A05835731EA9}.Release|Any CPU.ActiveCfg = Release|Any CPU
		{5666A412-BF8D-491C-888B-A05835731EA9}.Release|Any CPU.Build.0 = Release|Any CPU
		{045C2251-397A-457C-A823-281D86858983}.Debug|Any CPU.ActiveCfg = Debug|Any CPU
		{045C2251-397A-457C-A823-281D86858983}.Debug|Any CPU.Build.0 = Debug|Any CPU
		{045C2251-397A-457C-A823-281D86858983}.Release|Any CPU.ActiveCfg = Release|Any CPU
		{045C2251-397A-457C-A823-281D86858983}.Release|Any CPU.Build.0 = Release|Any CPU
	EndGlobalSection
	GlobalSection(SolutionProperties) = preSolution
		HideSolutionNode = FALSE
	EndGlobalSection
	GlobalSection(ExtensibilityGlobals) = postSolution
		SolutionGuid = {67CB32E7-2B5E-4FC9-A896-B31A20181BAE}
	EndGlobalSection
EndGlobal
